// !$*UTF8*$!
{
	archiveVersion = 1;
	classes = {
	};
	objectVersion = 45;
	objects = {

/* Begin PBXFileReference section */
		F238111311B4843C00324A5A /* asm.c */ = {isa = PBXFileReference; fileEncoding = 4; lastKnownFileType = sourcecode.c.c; path = asm.c; sourceTree = "<group>"; };
		F238111411B4843C00324A5A /* asm.h */ = {isa = PBXFileReference; fileEncoding = 4; lastKnownFileType = sourcecode.c.h; path = asm.h; sourceTree = "<group>"; };
		F238111511B4843C00324A5A /* boot.asm */ = {isa = PBXFileReference; fileEncoding = 4; lastKnownFileType = sourcecode.asm.asm; path = boot.asm; sourceTree = "<group>"; };
		F238111611B4843C00324A5A /* boot.h */ = {isa = PBXFileReference; fileEncoding = 4; lastKnownFileType = sourcecode.c.h; path = boot.h; sourceTree = "<group>"; };
		F238111911B4843C00324A5A /* ioport.c */ = {isa = PBXFileReference; fileEncoding = 4; lastKnownFileType = sourcecode.c.c; path = ioport.c; sourceTree = "<group>"; };
		F238111A11B4843C00324A5A /* ioport.h */ = {isa = PBXFileReference; fileEncoding = 4; lastKnownFileType = sourcecode.c.h; path = ioport.h; sourceTree = "<group>"; };
		F238111B11B4843C00324A5A /* link.ld */ = {isa = PBXFileReference; fileEncoding = 4; lastKnownFileType = text; path = link.ld; sourceTree = "<group>"; };
		F238111C11B4843C00324A5A /* types.h */ = {isa = PBXFileReference; fileEncoding = 4; lastKnownFileType = sourcecode.c.h; path = types.h; sourceTree = "<group>"; };
		F238111E11B4843C00324A5A /* types.h */ = {isa = PBXFileReference; fileEncoding = 4; lastKnownFileType = sourcecode.c.h; path = types.h; sourceTree = "<group>"; };
		F23811C311B4C02100324A5A /* types.h */ = {isa = PBXFileReference; fileEncoding = 4; lastKnownFileType = sourcecode.c.h; path = types.h; sourceTree = "<group>"; };
		F28B31EE11B34EC50064A9DC /* ata.c */ = {isa = PBXFileReference; fileEncoding = 4; lastKnownFileType = sourcecode.c.c; path = ata.c; sourceTree = "<group>"; };
		F28B31EF11B34EC50064A9DC /* ata.h */ = {isa = PBXFileReference; fileEncoding = 4; lastKnownFileType = sourcecode.c.h; path = ata.h; sourceTree = "<group>"; };
		F28B31F111B34EC50064A9DC /* fat_12.c */ = {isa = PBXFileReference; fileEncoding = 4; lastKnownFileType = sourcecode.c.c; path = fat_12.c; sourceTree = "<group>"; };
		F28B31F211B34EC50064A9DC /* fat_12.h */ = {isa = PBXFileReference; fileEncoding = 4; lastKnownFileType = sourcecode.c.h; path = fat_12.h; sourceTree = "<group>"; };
		F28B31F311B34EC50064A9DC /* fat_32.c */ = {isa = PBXFileReference; fileEncoding = 4; lastKnownFileType = sourcecode.c.c; path = fat_32.c; sourceTree = "<group>"; };
		F28B31F411B34EC50064A9DC /* fat_32.h */ = {isa = PBXFileReference; fileEncoding = 4; lastKnownFileType = sourcecode.c.h; path = fat_32.h; sourceTree = "<group>"; };
		F28B31F611B34EC50064A9DC /* fat.h */ = {isa = PBXFileReference; fileEncoding = 4; lastKnownFileType = sourcecode.c.h; path = fat.h; sourceTree = "<group>"; };
		F28B31F711B34EC50064A9DC /* io.h */ = {isa = PBXFileReference; fileEncoding = 4; lastKnownFileType = sourcecode.c.h; path = io.h; sourceTree = "<group>"; };
		F28B31F811B34EC50064A9DC /* textmode.h */ = {isa = PBXFileReference; fileEncoding = 4; lastKnownFileType = sourcecode.c.h; path = textmode.h; sourceTree = "<group>"; };
		F28B31F911B34EC50064A9DC /* types.h */ = {isa = PBXFileReference; fileEncoding = 4; lastKnownFileType = sourcecode.c.h; path = types.h; sourceTree = "<group>"; };
		F28B31FB11B34EC50064A9DC /* cli.c */ = {isa = PBXFileReference; fileEncoding = 4; lastKnownFileType = sourcecode.c.c; path = cli.c; sourceTree = "<group>"; };
		F28B31FC11B34EC50064A9DC /* hlt.c */ = {isa = PBXFileReference; fileEncoding = 4; lastKnownFileType = sourcecode.c.c; path = hlt.c; sourceTree = "<group>"; };
		F28B31FD11B34EC50064A9DC /* inb.c */ = {isa = PBXFileReference; fileEncoding = 4; lastKnownFileType = sourcecode.c.c; path = inb.c; sourceTree = "<group>"; };
		F28B31FE11B34EC50064A9DC /* insl.c */ = {isa = PBXFileReference; fileEncoding = 4; lastKnownFileType = sourcecode.c.c; path = insl.c; sourceTree = "<group>"; };
		F28B31FF11B34EC50064A9DC /* outb.c */ = {isa = PBXFileReference; fileEncoding = 4; lastKnownFileType = sourcecode.c.c; path = outb.c; sourceTree = "<group>"; };
		F28B320011B34EC50064A9DC /* pcspk.c */ = {isa = PBXFileReference; fileEncoding = 4; lastKnownFileType = sourcecode.c.c; path = pcspk.c; sourceTree = "<group>"; };
		F28B320111B34EC50064A9DC /* sti.c */ = {isa = PBXFileReference; fileEncoding = 4; lastKnownFileType = sourcecode.c.c; path = sti.c; sourceTree = "<group>"; };
		F28B320411B34EC50064A9DC /* ctype.h */ = {isa = PBXFileReference; fileEncoding = 4; lastKnownFileType = sourcecode.c.h; path = ctype.h; sourceTree = "<group>"; };
		F28B320511B34EC50064A9DC /* isnum.c */ = {isa = PBXFileReference; fileEncoding = 4; lastKnownFileType = sourcecode.c.c; path = isnum.c; sourceTree = "<group>"; };
		F28B320611B34EC50064A9DC /* stdlib.c */ = {isa = PBXFileReference; fileEncoding = 4; lastKnownFileType = sourcecode.c.c; path = stdlib.c; sourceTree = "<group>"; };
		F28B320711B34EC50064A9DC /* stdlib.h */ = {isa = PBXFileReference; fileEncoding = 4; lastKnownFileType = sourcecode.c.h; path = stdlib.h; sourceTree = "<group>"; };
		F28B320911B34EC50064A9DC /* string.c */ = {isa = PBXFileReference; fileEncoding = 4; lastKnownFileType = sourcecode.c.c; path = string.c; sourceTree = "<group>"; };
		F28B320A11B34EC50064A9DC /* string.h */ = {isa = PBXFileReference; fileEncoding = 4; lastKnownFileType = sourcecode.c.h; path = string.h; sourceTree = "<group>"; };
		F28B320C11B34EC50064A9DC /* main.c */ = {isa = PBXFileReference; fileEncoding = 4; lastKnownFileType = sourcecode.c.c; path = main.c; sourceTree = "<group>"; };
		F28B320D11B34EC50064A9DC /* main.h */ = {isa = PBXFileReference; fileEncoding = 4; lastKnownFileType = sourcecode.c.h; path = main.h; sourceTree = "<group>"; };
		F28B320E11B34EC50064A9DC /* Makefile */ = {isa = PBXFileReference; fileEncoding = 4; lastKnownFileType = sourcecode.make; path = Makefile; sourceTree = "<group>"; };
		F28B321C11B34EC50064A9DC /* textmode.c */ = {isa = PBXFileReference; fileEncoding = 4; lastKnownFileType = sourcecode.c.c; path = textmode.c; sourceTree = "<group>"; };
		F2BE449211B5F9E50027EA6B /* x86.h */ = {isa = PBXFileReference; fileEncoding = 4; lastKnownFileType = sourcecode.c.h; path = x86.h; sourceTree = "<group>"; };
		F2BE449D11B5FAD10027EA6B /* x86.h */ = {isa = PBXFileReference; fileEncoding = 4; lastKnownFileType = sourcecode.c.h; path = x86.h; sourceTree = "<group>"; };
		F2BE44B411B5FE350027EA6B /* cpu.h */ = {isa = PBXFileReference; fileEncoding = 4; lastKnownFileType = sourcecode.c.h; path = cpu.h; sourceTree = "<group>"; };
		F2BE44B511B5FE350027EA6B /* cpu.c */ = {isa = PBXFileReference; fileEncoding = 4; lastKnownFileType = sourcecode.c.c; path = cpu.c; sourceTree = "<group>"; };
/* End PBXFileReference section */

/* Begin PBXGroup section */
		08FB7794FE84155DC02AAC07 /* Kernel */ = {
			isa = PBXGroup;
			children = (
				F28B31D811B34EC50064A9DC /* arch */,
				F28B31EC11B34EC50064A9DC /* drivers */,
				F28B31F011B34EC50064A9DC /* fs */,
				F28B31F511B34EC50064A9DC /* includes */,
				F28B31FA11B34EC50064A9DC /* io */,
				F28B320211B34EC50064A9DC /* libs */,
				F28B320C11B34EC50064A9DC /* main.c */,
				F28B320D11B34EC50064A9DC /* main.h */,
				F28B320E11B34EC50064A9DC /* Makefile */,
				F28B321B11B34EC50064A9DC /* video */,
			);
			name = Kernel;
			sourceTree = "<group>";
		};
		F238111211B4843C00324A5A /* x86 */ = {
			isa = PBXGroup;
			children = (
				F23811C211B4C01700324A5A /* x64 */,
				F238111311B4843C00324A5A /* asm.c */,
				F238111411B4843C00324A5A /* asm.h */,
				F238111511B4843C00324A5A /* boot.asm */,
				F238111611B4843C00324A5A /* boot.h */,
				F238111911B4843C00324A5A /* ioport.c */,
				F238111A11B4843C00324A5A /* ioport.h */,
				F238111B11B4843C00324A5A /* link.ld */,
				F238111C11B4843C00324A5A /* types.h */,
				F238111D11B4843C00324A5A /* x32 */,
				F2BE449D11B5FAD10027EA6B /* x86.h */,
			);
			path = x86;
			sourceTree = "<group>";
		};
		F238111D11B4843C00324A5A /* x32 */ = {
			isa = PBXGroup;
			children = (
				F238111E11B4843C00324A5A /* types.h */,
				F2BE449211B5F9E50027EA6B /* x86.h */,
				F2BE44B411B5FE350027EA6B /* cpu.h */,
				F2BE44B511B5FE350027EA6B /* cpu.c */,
			);
			path = x32;
			sourceTree = "<group>";
		};
		F23811C211B4C01700324A5A /* x64 */ = {
			isa = PBXGroup;
			children = (
				F23811C311B4C02100324A5A /* types.h */,
			);
			path = x64;
			sourceTree = "<group>";
		};
		F28B31D811B34EC50064A9DC /* arch */ = {
			isa = PBXGroup;
			children = (
				F238111211B4843C00324A5A /* x86 */,
			);
			path = arch;
			sourceTree = "<group>";
		};
		F28B31EC11B34EC50064A9DC /* drivers */ = {
			isa = PBXGroup;
			children = (
				F28B31ED11B34EC50064A9DC /* ata */,
			);
			path = drivers;
			sourceTree = "<group>";
		};
		F28B31ED11B34EC50064A9DC /* ata */ = {
			isa = PBXGroup;
			children = (
				F28B31EE11B34EC50064A9DC /* ata.c */,
				F28B31EF11B34EC50064A9DC /* ata.h */,
			);
			path = ata;
			sourceTree = "<group>";
		};
		F28B31F011B34EC50064A9DC /* fs */ = {
			isa = PBXGroup;
			children = (
				F28B31F111B34EC50064A9DC /* fat_12.c */,
				F28B31F211B34EC50064A9DC /* fat_12.h */,
				F28B31F311B34EC50064A9DC /* fat_32.c */,
				F28B31F411B34EC50064A9DC /* fat_32.h */,
			);
			path = fs;
			sourceTree = "<group>";
		};
		F28B31F511B34EC50064A9DC /* includes */ = {
			isa = PBXGroup;
			children = (
				F28B31F611B34EC50064A9DC /* fat.h */,
				F28B31F711B34EC50064A9DC /* io.h */,
				F28B31F811B34EC50064A9DC /* textmode.h */,
				F28B31F911B34EC50064A9DC /* types.h */,
			);
			path = includes;
			sourceTree = "<group>";
		};
		F28B31FA11B34EC50064A9DC /* io */ = {
			isa = PBXGroup;
			children = (
				F28B31FB11B34EC50064A9DC /* cli.c */,
				F28B31FC11B34EC50064A9DC /* hlt.c */,
				F28B31FD11B34EC50064A9DC /* inb.c */,
				F28B31FE11B34EC50064A9DC /* insl.c */,
				F28B31FF11B34EC50064A9DC /* outb.c */,
				F28B320011B34EC50064A9DC /* pcspk.c */,
				F28B320111B34EC50064A9DC /* sti.c */,
			);
			path = io;
			sourceTree = "<group>";
		};
		F28B320211B34EC50064A9DC /* libs */ = {
			isa = PBXGroup;
			children = (
				F28B320311B34EC50064A9DC /* ctype */,
				F28B320611B34EC50064A9DC /* stdlib.c */,
				F28B320711B34EC50064A9DC /* stdlib.h */,
				F28B320811B34EC50064A9DC /* string */,
			);
			path = libs;
			sourceTree = "<group>";
		};
		F28B320311B34EC50064A9DC /* ctype */ = {
			isa = PBXGroup;
			children = (
				F28B320411B34EC50064A9DC /* ctype.h */,
				F28B320511B34EC50064A9DC /* isnum.c */,
			);
			path = ctype;
			sourceTree = "<group>";
		};
		F28B320811B34EC50064A9DC /* string */ = {
			isa = PBXGroup;
			children = (
				F28B320911B34EC50064A9DC /* string.c */,
				F28B320A11B34EC50064A9DC /* string.h */,
			);
			path = string;
			sourceTree = "<group>";
		};
		F28B321B11B34EC50064A9DC /* video */ = {
			isa = PBXGroup;
			children = (
				F28B321C11B34EC50064A9DC /* textmode.c */,
			);
			path = video;
			sourceTree = "<group>";
		};
/* End PBXGroup section */

/* Begin PBXLegacyTarget section */
		D28A88AD04BDD90700651E21 /* Kernel */ = {
			isa = PBXLegacyTarget;
			buildArgumentsString = "$(ACTION)";
			buildConfigurationList = 1DEB918F08733D9F0010E9CD /* Build configuration list for PBXLegacyTarget "Kernel" */;
			buildPhases = (
			);
			buildToolPath = /usr/bin/make;
			dependencies = (
			);
			name = Kernel;
			passBuildSettingsInEnvironment = 1;
			productName = Kernel;
		};
/* End PBXLegacyTarget section */

/* Begin PBXProject section */
		08FB7793FE84155DC02AAC07 /* Project object */ = {
			isa = PBXProject;
			buildConfigurationList = 1DEB919308733D9F0010E9CD /* Build configuration list for PBXProject "Kernel" */;
			compatibilityVersion = "Xcode 3.1";
			hasScannedForEncodings = 1;
			mainGroup = 08FB7794FE84155DC02AAC07 /* Kernel */;
			projectDirPath = "";
			projectRoot = "";
			targets = (
				D28A88AD04BDD90700651E21 /* Kernel */,
			);
		};
/* End PBXProject section */

/* Begin XCBuildConfiguration section */
		1DEB919008733D9F0010E9CD /* Debug */ = {
			isa = XCBuildConfiguration;
			buildSettings = {
				COPY_PHASE_STRIP = NO;
				DEBUGGING_SYMBOLS = YES;
				GCC_DYNAMIC_NO_PIC = NO;
				GCC_ENABLE_FIX_AND_CONTINUE = YES;
				GCC_GENERATE_DEBUGGING_SYMBOLS = YES;
				GCC_OPTIMIZATION_LEVEL = 0;
				OTHER_CFLAGS = "";
				OTHER_LDFLAGS = "";
				PRODUCT_NAME = Kernel;
			};
			name = Debug;
		};
		1DEB919108733D9F0010E9CD /* Release */ = {
			isa = XCBuildConfiguration;
			buildSettings = {
				COPY_PHASE_STRIP = YES;
				GCC_ENABLE_FIX_AND_CONTINUE = NO;
				OTHER_CFLAGS = "";
				OTHER_LDFLAGS = "";
				PRODUCT_NAME = Kernel;
			};
			name = Release;
		};
		1DEB919408733D9F0010E9CD /* Debug */ = {
			isa = XCBuildConfiguration;
			buildSettings = {
				ARCHS = "$(ARCHS_STANDARD_32_BIT)";
				GCC_WARN_ABOUT_RETURN_TYPE = YES;
				GCC_WARN_UNUSED_VARIABLE = YES;
				ONLY_ACTIVE_ARCH = YES;
				PREBINDING = NO;
				SDKROOT = macosx10.5;
			};
			name = Debug;
		};
		1DEB919508733D9F0010E9CD /* Release */ = {
			isa = XCBuildConfiguration;
			buildSettings = {
				ARCHS = "$(ARCHS_STANDARD_32_BIT)";
				GCC_WARN_ABOUT_RETURN_TYPE = YES;
				GCC_WARN_UNUSED_VARIABLE = YES;
				PREBINDING = NO;
				SDKROOT = macosx10.5;
			};
			name = Release;
		};
/* End XCBuildConfiguration section */

/* Begin XCConfigurationList section */
		1DEB918F08733D9F0010E9CD /* Build configuration list for PBXLegacyTarget "Kernel" */ = {
			isa = XCConfigurationList;
			buildConfigurations = (
				1DEB919008733D9F0010E9CD /* Debug */,
				1DEB919108733D9F0010E9CD /* Release */,
			);
			defaultConfigurationIsVisible = 0;
			defaultConfigurationName = Release;
		};
		1DEB919308733D9F0010E9CD /* Build configuration list for PBXProject "Kernel" */ = {
			isa = XCConfigurationList;
			buildConfigurations = (
				1DEB919408733D9F0010E9CD /* Debug */,
				1DEB919508733D9F0010E9CD /* Release */,
			);
			defaultConfigurationIsVisible = 0;
			defaultConfigurationName = Release;
		};
/* End XCConfigurationList section */
	};
	rootObject = 08FB7793FE84155DC02AAC07 /* Project object */;
}
